name: Terraform Unlock

on:
  workflow_call:
    inputs:
      projects:
        description: 'JSON array of project execution payloads'
        required: true
        type: string
      pr-number:
        description: 'Pull request number'
        required: true
        type: string
      commenter:
        description: 'GitHub username who triggered the unlock'
        required: true
        type: string
    secrets:
      GITHUB_TOKEN:
        description: 'GitHub token from the calling repository for posting comments'
        required: false

permissions:
  issues: write
  id-token: write

jobs:
  unlock:
    runs-on: ubuntu-latest
    steps:
      - name: Configure AWS credentials via OIDC
        uses: aws-actions/configure-aws-credentials@v4
        with:
          # Use the first project's role — all projects share one role in the common case
          role-to-assume: ${{ fromJson(inputs.projects)[0].role_arn }}
          aws-region: ${{ fromJson(inputs.projects)[0].aws_region }}

      - name: Release project locks
        id: release
        env:
          PROJECTS_JSON: ${{ inputs.projects }}
        run: |
          RELEASED=""
          while IFS=$'\t' read -r name bucket; do
            LOCK_KEY="locks/${name}.lock"
            aws s3api delete-object --bucket "$bucket" --key "$LOCK_KEY" 2>/dev/null
            RELEASED="${RELEASED}${RELEASED:+, }\`${name}\`"
          done < <(echo "$PROJECTS_JSON" | jq -r '.[] | [.name, .backend_bucket] | @tsv')

          echo "RELEASED_PROJECTS=${RELEASED:-none}" >> "$GITHUB_ENV"

      - name: Post unlock comment
        env:
          PR_NUMBER: ${{ inputs.pr-number }}
          COMMENTER: ${{ inputs.commenter }}
        uses: actions/github-script@v7
        with:
          github-token: ${{ secrets.GITHUB_TOKEN }}
          script: |
            const prNumber = parseInt(process.env.PR_NUMBER, 10)
            const commenter = process.env.COMMENTER
            const released = process.env.RELEASED_PROJECTS

            const body = released === 'none'
              ? `🔓 **Terraform Unlock** by @${commenter}: No active locks found — nothing to release.`
              : `🔓 **Terraform Unlock** by @${commenter}: Released locks for ${released}.`

            await github.rest.issues.createComment({
              owner: context.repo.owner,
              repo: context.repo.repo,
              issue_number: prNumber,
              body,
            })
